{
  "name": "leetcode",
  "lockfileVersion": 2,
  "requires": true,
  "packages": {
    "": {
      "dependencies": {
        "@xiaowenzi/algorithm.js": "^0.0.2"
      }
    },
    "node_modules/@xiaowenzi/algorithm.js": {
      "version": "0.0.2",
      "resolved": "https://registry.npmmirror.com/@xiaowenzi/algorithm.js/-/algorithm.js-0.0.2.tgz",
      "integrity": "sha512-P1q/DUP9bfmPAhmqL0QzluW0JnyFCSGehsjzOFcwURroL3OgxI+tYJM9n9R+vDUNrtW85BqN59Ajh9+lhjZGjw=="
    }
  },
  "dependencies": {
    "@xiaowenzi/algorithm.js": {
      "version": "0.0.2",
      "resolved": "https://registry.npmmirror.com/@xiaowenzi/algorithm.js/-/algorithm.js-0.0.2.tgz",
      "integrity": "sha512-P1q/DUP9bfmPAhmqL0QzluW0JnyFCSGehsjzOFcwURroL3OgxI+tYJM9n9R+vDUNrtW85BqN59Ajh9+lhjZGjw=="
    }
  }
}
